
Microsoft Visual Studio Solution File, Format Version 12.00
# Visual Studio 15
VisualStudioVersion = 15.0.28307.168
MinimumVisualStudioVersion = 10.0.40219.1
Project("{FAE04EC0-301F-11D3-BF4B-00C04F79EFBC}") = "dapper上课案例", "dapper上课案例\dapper上课案例.csproj", "{39CB4F03-2E13-4747-939F-675AFC876FB4}"
EndProject
Global
	GlobalSection(SolutionConfigurationPlatforms) = preSolution
		Debug|Any CPU = Debug|Any CPU
		Release|Any CPU = Release|Any CPU
	EndGlobalSection
	GlobalSection(ProjectConfigurationPlatforms) = postSolution
		{39CB4F03-2E13-4747-939F-675AFC876FB4}.Debug|Any CPU.ActiveCfg = Debug|Any CPU
		{39CB4F03-2E13-4747-939F-675AFC876FB4}.Debug|Any CPU.Build.0 = Debug|Any CPU
		{39CB4F03-2E13-4747-939F-675AFC876FB4}.Release|Any CPU.ActiveCfg = Release|Any CPU
		{39CB4F03-2E13-4747-939F-675AFC876FB4}.Release|Any CPU.Build.0 = Release|Any CPU
	EndGlobalSection
	GlobalSection(SolutionProperties) = preSolution
		HideSolutionNode = FALSE
	EndGlobalSection
	GlobalSection(ExtensibilityGlobals) = postSolution
		SolutionGuid = {B0CD4AC9-01BA-4A81-AF85-6587CB3D17B2}
	EndGlobalSection
EndGlobal
